PODS:
  - Alamofire (5.6.2)
  - NVActivityIndicatorView (4.8.0):
    - NVActivityIndicatorView/Presenter (= 4.8.0)
  - NVActivityIndicatorView/Presenter (4.8.0)
  - ReachabilitySwift (5.0.0)

DEPENDENCIES:
  - Alamofire
  - NVActivityIndicatorView (~> 4.8.0)
  - ReachabilitySwift

SPEC REPOS:
  trunk:
    - Alamofire
    - NVActivityIndicatorView
    - ReachabilitySwift

SPEC CHECKSUMS:
  Alamofire: d368e1ff8a298e6dde360e35a3e68e6c610e7204
  NVActivityIndicatorView: d24b7ebcf80af5dcd994adb650e2b6c93379270f
  ReachabilitySwift: 985039c6f7b23a1da463388634119492ff86c825

PODFILE CHECKSUM: 401b9cc975b7bab1217a750b3ac4f1d9e7d501ca

COCOAPODS: 1.11.3
