// !$*UTF8*$!
{
	archiveVersion = 1;
	classes = {
	};
	objectVersion = 55;
	objects = {

/* Begin PBXBuildFile section */
		031444B6290BF4DA0083F0AF /* HomeViewModel.swift in Sources */ = {isa = PBXBuildFile; fileRef = 031444B5290BF4DA0083F0AF /* HomeViewModel.swift */; };
		031444B8290BF4E50083F0AF /* HomeModel.swift in Sources */ = {isa = PBXBuildFile; fileRef = 031444B7290BF4E50083F0AF /* HomeModel.swift */; };
		03BD31A7290BCB70009AB7EA /* Extensionclass.swift in Sources */ = {isa = PBXBuildFile; fileRef = 03BD31A6290BCB70009AB7EA /* Extensionclass.swift */; };
		03C0A89A290AF7B700E9F443 /* AppDelegate.swift in Sources */ = {isa = PBXBuildFile; fileRef = 03C0A899290AF7B700E9F443 /* AppDelegate.swift */; };
		03C0A89C290AF7B700E9F443 /* SceneDelegate.swift in Sources */ = {isa = PBXBuildFile; fileRef = 03C0A89B290AF7B700E9F443 /* SceneDelegate.swift */; };
		03C0A8A3290AF7B900E9F443 /* Assets.xcassets in Resources */ = {isa = PBXBuildFile; fileRef = 03C0A8A2290AF7B900E9F443 /* Assets.xcassets */; };
		03C0A8A6290AF7B900E9F443 /* LaunchScreen.storyboard in Resources */ = {isa = PBXBuildFile; fileRef = 03C0A8A4290AF7B900E9F443 /* LaunchScreen.storyboard */; };
		03C0A8B7290AF83500E9F443 /* Home.storyboard in Resources */ = {isa = PBXBuildFile; fileRef = 03C0A8B6290AF83500E9F443 /* Home.storyboard */; };
		03C0A8B9290AF84E00E9F443 /* HomeViewController.swift in Sources */ = {isa = PBXBuildFile; fileRef = 03C0A8B8290AF84E00E9F443 /* HomeViewController.swift */; };
		03C0A8C8290AF95F00E9F443 /* OpenSans-LightItalic.ttf in Resources */ = {isa = PBXBuildFile; fileRef = 03C0A8BC290AF95F00E9F443 /* OpenSans-LightItalic.ttf */; };
		03C0A8C9290AF95F00E9F443 /* OpenSans-ExtraBoldItalic.ttf in Resources */ = {isa = PBXBuildFile; fileRef = 03C0A8BD290AF95F00E9F443 /* OpenSans-ExtraBoldItalic.ttf */; };
		03C0A8CA290AF95F00E9F443 /* OpenSans-Italic.ttf in Resources */ = {isa = PBXBuildFile; fileRef = 03C0A8BE290AF95F00E9F443 /* OpenSans-Italic.ttf */; };
		03C0A8CB290AF95F00E9F443 /* OpenSans-BoldItalic.ttf in Resources */ = {isa = PBXBuildFile; fileRef = 03C0A8BF290AF95F00E9F443 /* OpenSans-BoldItalic.ttf */; };
		03C0A8CC290AF95F00E9F443 /* OpenSans-Bold.ttf in Resources */ = {isa = PBXBuildFile; fileRef = 03C0A8C0290AF95F00E9F443 /* OpenSans-Bold.ttf */; };
		03C0A8CD290AF95F00E9F443 /* OpenSans-MediumItalic.ttf in Resources */ = {isa = PBXBuildFile; fileRef = 03C0A8C1290AF95F00E9F443 /* OpenSans-MediumItalic.ttf */; };
		03C0A8CE290AF95F00E9F443 /* OpenSans-ExtraBold.ttf in Resources */ = {isa = PBXBuildFile; fileRef = 03C0A8C2290AF95F00E9F443 /* OpenSans-ExtraBold.ttf */; };
		03C0A8CF290AF95F00E9F443 /* OpenSans-SemiBold.ttf in Resources */ = {isa = PBXBuildFile; fileRef = 03C0A8C3290AF95F00E9F443 /* OpenSans-SemiBold.ttf */; };
		03C0A8D0290AF95F00E9F443 /* OpenSans-Medium.ttf in Resources */ = {isa = PBXBuildFile; fileRef = 03C0A8C4290AF95F00E9F443 /* OpenSans-Medium.ttf */; };
		03C0A8D1290AF95F00E9F443 /* OpenSans-SemiBoldItalic.ttf in Resources */ = {isa = PBXBuildFile; fileRef = 03C0A8C5290AF95F00E9F443 /* OpenSans-SemiBoldItalic.ttf */; };
		03C0A8D2290AF95F00E9F443 /* OpenSans-Regular.ttf in Resources */ = {isa = PBXBuildFile; fileRef = 03C0A8C6290AF95F00E9F443 /* OpenSans-Regular.ttf */; };
		03C0A8D3290AF95F00E9F443 /* OpenSans-Light.ttf in Resources */ = {isa = PBXBuildFile; fileRef = 03C0A8C7290AF95F00E9F443 /* OpenSans-Light.ttf */; };
		03C0A8D7290B054800E9F443 /* HomeEndPoint.swift in Sources */ = {isa = PBXBuildFile; fileRef = 03C0A8D6290B054800E9F443 /* HomeEndPoint.swift */; };
		03C0A8DA290B055400E9F443 /* ApiManager.swift in Sources */ = {isa = PBXBuildFile; fileRef = 03C0A8D8290B055400E9F443 /* ApiManager.swift */; };
		03C0A8DB290B055400E9F443 /* NetworkingConstants.swift in Sources */ = {isa = PBXBuildFile; fileRef = 03C0A8D9290B055400E9F443 /* NetworkingConstants.swift */; };
		03C0A8DD290B058000E9F443 /* Logger.swift in Sources */ = {isa = PBXBuildFile; fileRef = 03C0A8DC290B058000E9F443 /* Logger.swift */; };
		03C0A8DF290B07CC00E9F443 /* Connectivity.swift in Sources */ = {isa = PBXBuildFile; fileRef = 03C0A8DE290B07CC00E9F443 /* Connectivity.swift */; };
		03F0298C290C4FCF00EC8417 /* LocationManager.swift in Sources */ = {isa = PBXBuildFile; fileRef = 03F0298B290C4FCE00EC8417 /* LocationManager.swift */; };
		03F02990290C580D00EC8417 /* Localizable.strings in Resources */ = {isa = PBXBuildFile; fileRef = 03F02992290C580D00EC8417 /* Localizable.strings */; };
		03FE7C4C290EEA5D00273EB5 /* Weather_InfoTests.swift in Sources */ = {isa = PBXBuildFile; fileRef = 03FE7C4B290EEA5D00273EB5 /* Weather_InfoTests.swift */; };
		B87B9492D85F1D0C41608CCD /* Pods_Weather_Info.framework in Frameworks */ = {isa = PBXBuildFile; fileRef = 73BD02379EABC0DBD860E3A4 /* Pods_Weather_Info.framework */; };
/* End PBXBuildFile section */

/* Begin PBXContainerItemProxy section */
		03FE7C4D290EEA5D00273EB5 /* PBXContainerItemProxy */ = {
			isa = PBXContainerItemProxy;
			containerPortal = 03C0A88E290AF7B700E9F443 /* Project object */;
			proxyType = 1;
			remoteGlobalIDString = 03C0A895290AF7B700E9F443;
			remoteInfo = "Weather Info";
		};
/* End PBXContainerItemProxy section */

/* Begin PBXFileReference section */
		031444B5290BF4DA0083F0AF /* HomeViewModel.swift */ = {isa = PBXFileReference; lastKnownFileType = sourcecode.swift; path = HomeViewModel.swift; sourceTree = "<group>"; };
		031444B7290BF4E50083F0AF /* HomeModel.swift */ = {isa = PBXFileReference; lastKnownFileType = sourcecode.swift; path = HomeModel.swift; sourceTree = "<group>"; };
		03BD31A6290BCB70009AB7EA /* Extensionclass.swift */ = {isa = PBXFileReference; fileEncoding = 4; lastKnownFileType = sourcecode.swift; path = Extensionclass.swift; sourceTree = "<group>"; };
		03C0A896290AF7B700E9F443 /* Weather Info.app */ = {isa = PBXFileReference; explicitFileType = wrapper.application; includeInIndex = 0; path = "Weather Info.app"; sourceTree = BUILT_PRODUCTS_DIR; };
		03C0A899290AF7B700E9F443 /* AppDelegate.swift */ = {isa = PBXFileReference; lastKnownFileType = sourcecode.swift; path = AppDelegate.swift; sourceTree = "<group>"; };
		03C0A89B290AF7B700E9F443 /* SceneDelegate.swift */ = {isa = PBXFileReference; lastKnownFileType = sourcecode.swift; path = SceneDelegate.swift; sourceTree = "<group>"; };
		03C0A8A2290AF7B900E9F443 /* Assets.xcassets */ = {isa = PBXFileReference; lastKnownFileType = folder.assetcatalog; path = Assets.xcassets; sourceTree = "<group>"; };
		03C0A8A5290AF7B900E9F443 /* Base */ = {isa = PBXFileReference; lastKnownFileType = file.storyboard; name = Base; path = Base.lproj/LaunchScreen.storyboard; sourceTree = "<group>"; };
		03C0A8A7290AF7B900E9F443 /* Info.plist */ = {isa = PBXFileReference; lastKnownFileType = text.plist.xml; path = Info.plist; sourceTree = "<group>"; };
		03C0A8B6290AF83500E9F443 /* Home.storyboard */ = {isa = PBXFileReference; lastKnownFileType = file.storyboard; path = Home.storyboard; sourceTree = "<group>"; };
		03C0A8B8290AF84E00E9F443 /* HomeViewController.swift */ = {isa = PBXFileReference; lastKnownFileType = sourcecode.swift; path = HomeViewController.swift; sourceTree = "<group>"; };
		03C0A8BC290AF95F00E9F443 /* OpenSans-LightItalic.ttf */ = {isa = PBXFileReference; lastKnownFileType = file; path = "OpenSans-LightItalic.ttf"; sourceTree = "<group>"; };
		03C0A8BD290AF95F00E9F443 /* OpenSans-ExtraBoldItalic.ttf */ = {isa = PBXFileReference; lastKnownFileType = file; path = "OpenSans-ExtraBoldItalic.ttf"; sourceTree = "<group>"; };
		03C0A8BE290AF95F00E9F443 /* OpenSans-Italic.ttf */ = {isa = PBXFileReference; lastKnownFileType = file; path = "OpenSans-Italic.ttf"; sourceTree = "<group>"; };
		03C0A8BF290AF95F00E9F443 /* OpenSans-BoldItalic.ttf */ = {isa = PBXFileReference; lastKnownFileType = file; path = "OpenSans-BoldItalic.ttf"; sourceTree = "<group>"; };
		03C0A8C0290AF95F00E9F443 /* OpenSans-Bold.ttf */ = {isa = PBXFileReference; lastKnownFileType = file; path = "OpenSans-Bold.ttf"; sourceTree = "<group>"; };
		03C0A8C1290AF95F00E9F443 /* OpenSans-MediumItalic.ttf */ = {isa = PBXFileReference; lastKnownFileType = file; path = "OpenSans-MediumItalic.ttf"; sourceTree = "<group>"; };
		03C0A8C2290AF95F00E9F443 /* OpenSans-ExtraBold.ttf */ = {isa = PBXFileReference; lastKnownFileType = file; path = "OpenSans-ExtraBold.ttf"; sourceTree = "<group>"; };
		03C0A8C3290AF95F00E9F443 /* OpenSans-SemiBold.ttf */ = {isa = PBXFileReference; lastKnownFileType = file; path = "OpenSans-SemiBold.ttf"; sourceTree = "<group>"; };
		03C0A8C4290AF95F00E9F443 /* OpenSans-Medium.ttf */ = {isa = PBXFileReference; lastKnownFileType = file; path = "OpenSans-Medium.ttf"; sourceTree = "<group>"; };
		03C0A8C5290AF95F00E9F443 /* OpenSans-SemiBoldItalic.ttf */ = {isa = PBXFileReference; lastKnownFileType = file; path = "OpenSans-SemiBoldItalic.ttf"; sourceTree = "<group>"; };
		03C0A8C6290AF95F00E9F443 /* OpenSans-Regular.ttf */ = {isa = PBXFileReference; lastKnownFileType = file; path = "OpenSans-Regular.ttf"; sourceTree = "<group>"; };
		03C0A8C7290AF95F00E9F443 /* OpenSans-Light.ttf */ = {isa = PBXFileReference; lastKnownFileType = file; path = "OpenSans-Light.ttf"; sourceTree = "<group>"; };
		03C0A8D6290B054800E9F443 /* HomeEndPoint.swift */ = {isa = PBXFileReference; fileEncoding = 4; lastKnownFileType = sourcecode.swift; path = HomeEndPoint.swift; sourceTree = "<group>"; };
		03C0A8D8290B055400E9F443 /* ApiManager.swift */ = {isa = PBXFileReference; fileEncoding = 4; lastKnownFileType = sourcecode.swift; path = ApiManager.swift; sourceTree = "<group>"; };
		03C0A8D9290B055400E9F443 /* NetworkingConstants.swift */ = {isa = PBXFileReference; fileEncoding = 4; lastKnownFileType = sourcecode.swift; path = NetworkingConstants.swift; sourceTree = "<group>"; };
		03C0A8DC290B058000E9F443 /* Logger.swift */ = {isa = PBXFileReference; fileEncoding = 4; lastKnownFileType = sourcecode.swift; path = Logger.swift; sourceTree = "<group>"; };
		03C0A8DE290B07CC00E9F443 /* Connectivity.swift */ = {isa = PBXFileReference; fileEncoding = 4; lastKnownFileType = sourcecode.swift; path = Connectivity.swift; sourceTree = "<group>"; };
		03F0298B290C4FCE00EC8417 /* LocationManager.swift */ = {isa = PBXFileReference; fileEncoding = 4; lastKnownFileType = sourcecode.swift; path = LocationManager.swift; sourceTree = "<group>"; };
		03F02991290C580D00EC8417 /* en */ = {isa = PBXFileReference; lastKnownFileType = text.plist.strings; name = en; path = en.lproj/Localizable.strings; sourceTree = "<group>"; };
		03F02993290C585300EC8417 /* hi */ = {isa = PBXFileReference; lastKnownFileType = text.plist.strings; name = hi; path = hi.lproj/Localizable.strings; sourceTree = "<group>"; };
		03FE7C49290EEA5D00273EB5 /* Weather InfoTests.xctest */ = {isa = PBXFileReference; explicitFileType = wrapper.cfbundle; includeInIndex = 0; path = "Weather InfoTests.xctest"; sourceTree = BUILT_PRODUCTS_DIR; };
		03FE7C4B290EEA5D00273EB5 /* Weather_InfoTests.swift */ = {isa = PBXFileReference; lastKnownFileType = sourcecode.swift; path = Weather_InfoTests.swift; sourceTree = "<group>"; };
		6DDEB787C4894AA01C492053 /* Pods-Weather Info.debug.xcconfig */ = {isa = PBXFileReference; includeInIndex = 1; lastKnownFileType = text.xcconfig; name = "Pods-Weather Info.debug.xcconfig"; path = "Target Support Files/Pods-Weather Info/Pods-Weather Info.debug.xcconfig"; sourceTree = "<group>"; };
		73BD02379EABC0DBD860E3A4 /* Pods_Weather_Info.framework */ = {isa = PBXFileReference; explicitFileType = wrapper.framework; includeInIndex = 0; path = Pods_Weather_Info.framework; sourceTree = BUILT_PRODUCTS_DIR; };
		B618EBB4D898C4471B8C825B /* Pods-Weather Info.release.xcconfig */ = {isa = PBXFileReference; includeInIndex = 1; lastKnownFileType = text.xcconfig; name = "Pods-Weather Info.release.xcconfig"; path = "Target Support Files/Pods-Weather Info/Pods-Weather Info.release.xcconfig"; sourceTree = "<group>"; };
/* End PBXFileReference section */

/* Begin PBXFrameworksBuildPhase section */
		03C0A893290AF7B700E9F443 /* Frameworks */ = {
			isa = PBXFrameworksBuildPhase;
			buildActionMask = 2147483647;
			files = (
				B87B9492D85F1D0C41608CCD /* Pods_Weather_Info.framework in Frameworks */,
			);
			runOnlyForDeploymentPostprocessing = 0;
		};
		03FE7C46290EEA5D00273EB5 /* Frameworks */ = {
			isa = PBXFrameworksBuildPhase;
			buildActionMask = 2147483647;
			files = (
			);
			runOnlyForDeploymentPostprocessing = 0;
		};
/* End PBXFrameworksBuildPhase section */

/* Begin PBXGroup section */
		03BD31A5290BCB52009AB7EA /* Extension Classes */ = {
			isa = PBXGroup;
			children = (
				03BD31A6290BCB70009AB7EA /* Extensionclass.swift */,
			);
			path = "Extension Classes";
			sourceTree = "<group>";
		};
		03C0A88D290AF7B700E9F443 = {
			isa = PBXGroup;
			children = (
				03C0A898290AF7B700E9F443 /* Weather Info */,
				03FE7C4A290EEA5D00273EB5 /* Weather InfoTests */,
				03C0A897290AF7B700E9F443 /* Products */,
				49A0D72957DD5D7DAA04DEB7 /* Pods */,
				7F88E5BA6339648072C5AF7A /* Frameworks */,
			);
			sourceTree = "<group>";
		};
		03C0A897290AF7B700E9F443 /* Products */ = {
			isa = PBXGroup;
			children = (
				03C0A896290AF7B700E9F443 /* Weather Info.app */,
				03FE7C49290EEA5D00273EB5 /* Weather InfoTests.xctest */,
			);
			name = Products;
			sourceTree = "<group>";
		};
		03C0A898290AF7B700E9F443 /* Weather Info */ = {
			isa = PBXGroup;
			children = (
				03C0A8BA290AF93300E9F443 /* Helper Classes */,
				03C0A8AD290AF7DD00E9F443 /* MVVM */,
				03C0A899290AF7B700E9F443 /* AppDelegate.swift */,
				03C0A89B290AF7B700E9F443 /* SceneDelegate.swift */,
				03C0A8A2290AF7B900E9F443 /* Assets.xcassets */,
				03C0A8A4290AF7B900E9F443 /* LaunchScreen.storyboard */,
				03C0A8A7290AF7B900E9F443 /* Info.plist */,
			);
			path = "Weather Info";
			sourceTree = "<group>";
		};
		03C0A8AD290AF7DD00E9F443 /* MVVM */ = {
			isa = PBXGroup;
			children = (
				03C0A8B1290AF7F900E9F443 /* View */,
				03C0A8AF290AF7EA00E9F443 /* View Model */,
				03C0A8AE290AF7E400E9F443 /* Model */,
			);
			path = MVVM;
			sourceTree = "<group>";
		};
		03C0A8AE290AF7E400E9F443 /* Model */ = {
			isa = PBXGroup;
			children = (
				03C0A8B5290AF81900E9F443 /* Home */,
			);
			path = Model;
			sourceTree = "<group>";
		};
		03C0A8AF290AF7EA00E9F443 /* View Model */ = {
			isa = PBXGroup;
			children = (
				03C0A8B4290AF81500E9F443 /* Home */,
			);
			path = "View Model";
			sourceTree = "<group>";
		};
		03C0A8B1290AF7F900E9F443 /* View */ = {
			isa = PBXGroup;
			children = (
				03C0A8B2290AF7FF00E9F443 /* Home */,
			);
			path = View;
			sourceTree = "<group>";
		};
		03C0A8B2290AF7FF00E9F443 /* Home */ = {
			isa = PBXGroup;
			children = (
				03C0A8B3290AF80C00E9F443 /* Controllers */,
				03C0A8B6290AF83500E9F443 /* Home.storyboard */,
			);
			path = Home;
			sourceTree = "<group>";
		};
		03C0A8B3290AF80C00E9F443 /* Controllers */ = {
			isa = PBXGroup;
			children = (
				03C0A8B8290AF84E00E9F443 /* HomeViewController.swift */,
			);
			path = Controllers;
			sourceTree = "<group>";
		};
		03C0A8B4290AF81500E9F443 /* Home */ = {
			isa = PBXGroup;
			children = (
				031444B5290BF4DA0083F0AF /* HomeViewModel.swift */,
			);
			path = Home;
			sourceTree = "<group>";
		};
		03C0A8B5290AF81900E9F443 /* Home */ = {
			isa = PBXGroup;
			children = (
				031444B7290BF4E50083F0AF /* HomeModel.swift */,
			);
			path = Home;
			sourceTree = "<group>";
		};
		03C0A8BA290AF93300E9F443 /* Helper Classes */ = {
			isa = PBXGroup;
			children = (
				03F0298D290C57AD00EC8417 /* Localize */,
				03BD31A5290BCB52009AB7EA /* Extension Classes */,
				03C0A8DC290B058000E9F443 /* Logger.swift */,
				03C0A8DE290B07CC00E9F443 /* Connectivity.swift */,
				03F0298B290C4FCE00EC8417 /* LocationManager.swift */,
				03C0A8D4290B050100E9F443 /* Networking */,
				03C0A8BB290AF93E00E9F443 /* Fonts */,
			);
			path = "Helper Classes";
			sourceTree = "<group>";
		};
		03C0A8BB290AF93E00E9F443 /* Fonts */ = {
			isa = PBXGroup;
			children = (
				03C0A8C0290AF95F00E9F443 /* OpenSans-Bold.ttf */,
				03C0A8BF290AF95F00E9F443 /* OpenSans-BoldItalic.ttf */,
				03C0A8C2290AF95F00E9F443 /* OpenSans-ExtraBold.ttf */,
				03C0A8BD290AF95F00E9F443 /* OpenSans-ExtraBoldItalic.ttf */,
				03C0A8BE290AF95F00E9F443 /* OpenSans-Italic.ttf */,
				03C0A8C7290AF95F00E9F443 /* OpenSans-Light.ttf */,
				03C0A8BC290AF95F00E9F443 /* OpenSans-LightItalic.ttf */,
				03C0A8C4290AF95F00E9F443 /* OpenSans-Medium.ttf */,
				03C0A8C1290AF95F00E9F443 /* OpenSans-MediumItalic.ttf */,
				03C0A8C6290AF95F00E9F443 /* OpenSans-Regular.ttf */,
				03C0A8C3290AF95F00E9F443 /* OpenSans-SemiBold.ttf */,
				03C0A8C5290AF95F00E9F443 /* OpenSans-SemiBoldItalic.ttf */,
			);
			path = Fonts;
			sourceTree = "<group>";
		};
		03C0A8D4290B050100E9F443 /* Networking */ = {
			isa = PBXGroup;
			children = (
				03C0A8D8290B055400E9F443 /* ApiManager.swift */,
				03C0A8D9290B055400E9F443 /* NetworkingConstants.swift */,
				03C0A8D5290B050A00E9F443 /* Endpoints */,
			);
			path = Networking;
			sourceTree = "<group>";
		};
		03C0A8D5290B050A00E9F443 /* Endpoints */ = {
			isa = PBXGroup;
			children = (
				03C0A8D6290B054800E9F443 /* HomeEndPoint.swift */,
			);
			path = Endpoints;
			sourceTree = "<group>";
		};
		03F0298D290C57AD00EC8417 /* Localize */ = {
			isa = PBXGroup;
			children = (
				03F02992290C580D00EC8417 /* Localizable.strings */,
			);
			path = Localize;
			sourceTree = "<group>";
		};
		03FE7C4A290EEA5D00273EB5 /* Weather InfoTests */ = {
			isa = PBXGroup;
			children = (
				03FE7C4B290EEA5D00273EB5 /* Weather_InfoTests.swift */,
			);
			path = "Weather InfoTests";
			sourceTree = "<group>";
		};
		49A0D72957DD5D7DAA04DEB7 /* Pods */ = {
			isa = PBXGroup;
			children = (
				6DDEB787C4894AA01C492053 /* Pods-Weather Info.debug.xcconfig */,
				B618EBB4D898C4471B8C825B /* Pods-Weather Info.release.xcconfig */,
			);
			path = Pods;
			sourceTree = "<group>";
		};
		7F88E5BA6339648072C5AF7A /* Frameworks */ = {
			isa = PBXGroup;
			children = (
				73BD02379EABC0DBD860E3A4 /* Pods_Weather_Info.framework */,
			);
			name = Frameworks;
			sourceTree = "<group>";
		};
/* End PBXGroup section */

/* Begin PBXNativeTarget section */
		03C0A895290AF7B700E9F443 /* Weather Info */ = {
			isa = PBXNativeTarget;
			buildConfigurationList = 03C0A8AA290AF7B900E9F443 /* Build configuration list for PBXNativeTarget "Weather Info" */;
			buildPhases = (
				5F561C14494A7C97FEED47EE /* [CP] Check Pods Manifest.lock */,
				03C0A892290AF7B700E9F443 /* Sources */,
				03C0A893290AF7B700E9F443 /* Frameworks */,
				03C0A894290AF7B700E9F443 /* Resources */,
				338E30694D9B200C48742BF6 /* [CP] Embed Pods Frameworks */,
			);
			buildRules = (
			);
			dependencies = (
			);
			name = "Weather Info";
			productName = "Weather Info";
			productReference = 03C0A896290AF7B700E9F443 /* Weather Info.app */;
			productType = "com.apple.product-type.application";
		};
		03FE7C48290EEA5D00273EB5 /* Weather InfoTests */ = {
			isa = PBXNativeTarget;
			buildConfigurationList = 03FE7C51290EEA5D00273EB5 /* Build configuration list for PBXNativeTarget "Weather InfoTests" */;
			buildPhases = (
				03FE7C45290EEA5D00273EB5 /* Sources */,
				03FE7C46290EEA5D00273EB5 /* Frameworks */,
				03FE7C47290EEA5D00273EB5 /* Resources */,
			);
			buildRules = (
			);
			dependencies = (
				03FE7C4E290EEA5D00273EB5 /* PBXTargetDependency */,
			);
			name = "Weather InfoTests";
			productName = "Weather InfoTests";
			productReference = 03FE7C49290EEA5D00273EB5 /* Weather InfoTests.xctest */;
			productType = "com.apple.product-type.bundle.unit-test";
		};
/* End PBXNativeTarget section */

/* Begin PBXProject section */
		03C0A88E290AF7B700E9F443 /* Project object */ = {
			isa = PBXProject;
			attributes = {
				BuildIndependentTargetsInParallel = 1;
				LastSwiftUpdateCheck = 1400;
				LastUpgradeCheck = 1400;
				TargetAttributes = {
					03C0A895290AF7B700E9F443 = {
						CreatedOnToolsVersion = 14.0.1;
					};
					03FE7C48290EEA5D00273EB5 = {
						CreatedOnToolsVersion = 14.0.1;
						TestTargetID = 03C0A895290AF7B700E9F443;
					};
				};
			};
			buildConfigurationList = 03C0A891290AF7B700E9F443 /* Build configuration list for PBXProject "Weather Info" */;
			compatibilityVersion = "Xcode 13.0";
			developmentRegion = en;
			hasScannedForEncodings = 0;
			knownRegions = (
				en,
				Base,
				hi,
			);
			mainGroup = 03C0A88D290AF7B700E9F443;
			productRefGroup = 03C0A897290AF7B700E9F443 /* Products */;
			projectDirPath = "";
			projectRoot = "";
			targets = (
				03C0A895290AF7B700E9F443 /* Weather Info */,
				03FE7C48290EEA5D00273EB5 /* Weather InfoTests */,
			);
		};
/* End PBXProject section */

/* Begin PBXResourcesBuildPhase section */
		03C0A894290AF7B700E9F443 /* Resources */ = {
			isa = PBXResourcesBuildPhase;
			buildActionMask = 2147483647;
			files = (
				03C0A8D0290AF95F00E9F443 /* OpenSans-Medium.ttf in Resources */,
				03C0A8B7290AF83500E9F443 /* Home.storyboard in Resources */,
				03C0A8CD290AF95F00E9F443 /* OpenSans-MediumItalic.ttf in Resources */,
				03C0A8D3290AF95F00E9F443 /* OpenSans-Light.ttf in Resources */,
				03C0A8D1290AF95F00E9F443 /* OpenSans-SemiBoldItalic.ttf in Resources */,
				03C0A8CF290AF95F00E9F443 /* OpenSans-SemiBold.ttf in Resources */,
				03C0A8A6290AF7B900E9F443 /* LaunchScreen.storyboard in Resources */,
				03C0A8CC290AF95F00E9F443 /* OpenSans-Bold.ttf in Resources */,
				03C0A8C9290AF95F00E9F443 /* OpenSans-ExtraBoldItalic.ttf in Resources */,
				03C0A8CB290AF95F00E9F443 /* OpenSans-BoldItalic.ttf in Resources */,
				03C0A8CA290AF95F00E9F443 /* OpenSans-Italic.ttf in Resources */,
				03C0A8D2290AF95F00E9F443 /* OpenSans-Regular.ttf in Resources */,
				03C0A8C8290AF95F00E9F443 /* OpenSans-LightItalic.ttf in Resources */,
				03F02990290C580D00EC8417 /* Localizable.strings in Resources */,
				03C0A8A3290AF7B900E9F443 /* Assets.xcassets in Resources */,
				03C0A8CE290AF95F00E9F443 /* OpenSans-ExtraBold.ttf in Resources */,
			);
			runOnlyForDeploymentPostprocessing = 0;
		};
		03FE7C47290EEA5D00273EB5 /* Resources */ = {
			isa = PBXResourcesBuildPhase;
			buildActionMask = 2147483647;
			files = (
			);
			runOnlyForDeploymentPostprocessing = 0;
		};
/* End PBXResourcesBuildPhase section */

/* Begin PBXShellScriptBuildPhase section */
		338E30694D9B200C48742BF6 /* [CP] Embed Pods Frameworks */ = {
			isa = PBXShellScriptBuildPhase;
			buildActionMask = 2147483647;
			files = (
			);
			inputFileListPaths = (
				"${PODS_ROOT}/Target Support Files/Pods-Weather Info/Pods-Weather Info-frameworks-${CONFIGURATION}-input-files.xcfilelist",
			);
			name = "[CP] Embed Pods Frameworks";
			outputFileListPaths = (
				"${PODS_ROOT}/Target Support Files/Pods-Weather Info/Pods-Weather Info-frameworks-${CONFIGURATION}-output-files.xcfilelist",
			);
			runOnlyForDeploymentPostprocessing = 0;
			shellPath = /bin/sh;
			shellScript = "\"${PODS_ROOT}/Target Support Files/Pods-Weather Info/Pods-Weather Info-frameworks.sh\"\n";
			showEnvVarsInLog = 0;
		};
		5F561C14494A7C97FEED47EE /* [CP] Check Pods Manifest.lock */ = {
			isa = PBXShellScriptBuildPhase;
			buildActionMask = 2147483647;
			files = (
			);
			inputFileListPaths = (
			);
			inputPaths = (
				"${PODS_PODFILE_DIR_PATH}/Podfile.lock",
				"${PODS_ROOT}/Manifest.lock",
			);
			name = "[CP] Check Pods Manifest.lock";
			outputFileListPaths = (
			);
			outputPaths = (
				"$(DERIVED_FILE_DIR)/Pods-Weather Info-checkManifestLockResult.txt",
			);
			runOnlyForDeploymentPostprocessing = 0;
			shellPath = /bin/sh;
			shellScript = "diff \"${PODS_PODFILE_DIR_PATH}/Podfile.lock\" \"${PODS_ROOT}/Manifest.lock\" > /dev/null\nif [ $? != 0 ] ; then\n    # print error to STDERR\n    echo \"error: The sandbox is not in sync with the Podfile.lock. Run 'pod install' or update your CocoaPods installation.\" >&2\n    exit 1\nfi\n# This output is used by Xcode 'outputs' to avoid re-running this script phase.\necho \"SUCCESS\" > \"${SCRIPT_OUTPUT_FILE_0}\"\n";
			showEnvVarsInLog = 0;
		};
/* End PBXShellScriptBuildPhase section */

/* Begin PBXSourcesBuildPhase section */
		03C0A892290AF7B700E9F443 /* Sources */ = {
			isa = PBXSourcesBuildPhase;
			buildActionMask = 2147483647;
			files = (
				03C0A8D7290B054800E9F443 /* HomeEndPoint.swift in Sources */,
				03C0A89A290AF7B700E9F443 /* AppDelegate.swift in Sources */,
				031444B8290BF4E50083F0AF /* HomeModel.swift in Sources */,
				03C0A8DA290B055400E9F443 /* ApiManager.swift in Sources */,
				031444B6290BF4DA0083F0AF /* HomeViewModel.swift in Sources */,
				03C0A89C290AF7B700E9F443 /* SceneDelegate.swift in Sources */,
				03C0A8DF290B07CC00E9F443 /* Connectivity.swift in Sources */,
				03C0A8DD290B058000E9F443 /* Logger.swift in Sources */,
				03F0298C290C4FCF00EC8417 /* LocationManager.swift in Sources */,
				03C0A8B9290AF84E00E9F443 /* HomeViewController.swift in Sources */,
				03BD31A7290BCB70009AB7EA /* Extensionclass.swift in Sources */,
				03C0A8DB290B055400E9F443 /* NetworkingConstants.swift in Sources */,
			);
			runOnlyForDeploymentPostprocessing = 0;
		};
		03FE7C45290EEA5D00273EB5 /* Sources */ = {
			isa = PBXSourcesBuildPhase;
			buildActionMask = 2147483647;
			files = (
				03FE7C4C290EEA5D00273EB5 /* Weather_InfoTests.swift in Sources */,
			);
			runOnlyForDeploymentPostprocessing = 0;
		};
/* End PBXSourcesBuildPhase section */

/* Begin PBXTargetDependency section */
		03FE7C4E290EEA5D00273EB5 /* PBXTargetDependency */ = {
			isa = PBXTargetDependency;
			target = 03C0A895290AF7B700E9F443 /* Weather Info */;
			targetProxy = 03FE7C4D290EEA5D00273EB5 /* PBXContainerItemProxy */;
		};
/* End PBXTargetDependency section */

/* Begin PBXVariantGroup section */
		03C0A8A4290AF7B900E9F443 /* LaunchScreen.storyboard */ = {
			isa = PBXVariantGroup;
			children = (
				03C0A8A5290AF7B900E9F443 /* Base */,
			);
			name = LaunchScreen.storyboard;
			sourceTree = "<group>";
		};
		03F02992290C580D00EC8417 /* Localizable.strings */ = {
			isa = PBXVariantGroup;
			children = (
				03F02991290C580D00EC8417 /* en */,
				03F02993290C585300EC8417 /* hi */,
			);
			name = Localizable.strings;
			sourceTree = "<group>";
		};
/* End PBXVariantGroup section */

/* Begin XCBuildConfiguration section */
		03C0A8A8290AF7B900E9F443 /* Debug */ = {
			isa = XCBuildConfiguration;
			buildSettings = {
				ALWAYS_SEARCH_USER_PATHS = NO;
				CLANG_ANALYZER_LOCALIZABILITY_NONLOCALIZED = YES;
				CLANG_ANALYZER_NONNULL = YES;
				CLANG_ANALYZER_NUMBER_OBJECT_CONVERSION = YES_AGGRESSIVE;
				CLANG_CXX_LANGUAGE_STANDARD = "gnu++20";
				CLANG_ENABLE_MODULES = YES;
				CLANG_ENABLE_OBJC_ARC = YES;
				CLANG_ENABLE_OBJC_WEAK = YES;
				CLANG_WARN_BLOCK_CAPTURE_AUTORELEASING = YES;
				CLANG_WARN_BOOL_CONVERSION = YES;
				CLANG_WARN_COMMA = YES;
				CLANG_WARN_CONSTANT_CONVERSION = YES;
				CLANG_WARN_DEPRECATED_OBJC_IMPLEMENTATIONS = YES;
				CLANG_WARN_DIRECT_OBJC_ISA_USAGE = YES_ERROR;
				CLANG_WARN_DOCUMENTATION_COMMENTS = YES;
				CLANG_WARN_EMPTY_BODY = YES;
				CLANG_WARN_ENUM_CONVERSION = YES;
				CLANG_WARN_INFINITE_RECURSION = YES;
				CLANG_WARN_INT_CONVERSION = YES;
				CLANG_WARN_NON_LITERAL_NULL_CONVERSION = YES;
				CLANG_WARN_OBJC_IMPLICIT_RETAIN_SELF = YES;
				CLANG_WARN_OBJC_LITERAL_CONVERSION = YES;
				CLANG_WARN_OBJC_ROOT_CLASS = YES_ERROR;
				CLANG_WARN_QUOTED_INCLUDE_IN_FRAMEWORK_HEADER = YES;
				CLANG_WARN_RANGE_LOOP_ANALYSIS = YES;
				CLANG_WARN_STRICT_PROTOTYPES = YES;
				CLANG_WARN_SUSPICIOUS_MOVE = YES;
				CLANG_WARN_UNGUARDED_AVAILABILITY = YES_AGGRESSIVE;
				CLANG_WARN_UNREACHABLE_CODE = YES;
				CLANG_WARN__DUPLICATE_METHOD_MATCH = YES;
				COPY_PHASE_STRIP = NO;
				DEBUG_INFORMATION_FORMAT = dwarf;
				ENABLE_STRICT_OBJC_MSGSEND = YES;
				ENABLE_TESTABILITY = YES;
				GCC_C_LANGUAGE_STANDARD = gnu11;
				GCC_DYNAMIC_NO_PIC = NO;
				GCC_NO_COMMON_BLOCKS = YES;
				GCC_OPTIMIZATION_LEVEL = 0;
				GCC_PREPROCESSOR_DEFINITIONS = (
					"DEBUG=1",
					"$(inherited)",
				);
				GCC_WARN_64_TO_32_BIT_CONVERSION = YES;
				GCC_WARN_ABOUT_RETURN_TYPE = YES_ERROR;
				GCC_WARN_UNDECLARED_SELECTOR = YES;
				GCC_WARN_UNINITIALIZED_AUTOS = YES_AGGRESSIVE;
				GCC_WARN_UNUSED_FUNCTION = YES;
				GCC_WARN_UNUSED_VARIABLE = YES;
				IPHONEOS_DEPLOYMENT_TARGET = 13.0;
				MTL_ENABLE_DEBUG_INFO = INCLUDE_SOURCE;
				MTL_FAST_MATH = YES;
				ONLY_ACTIVE_ARCH = YES;
				SDKROOT = iphoneos;
				SWIFT_ACTIVE_COMPILATION_CONDITIONS = DEBUG;
				SWIFT_OPTIMIZATION_LEVEL = "-Onone";
			};
			name = Debug;
		};
		03C0A8A9290AF7B900E9F443 /* Release */ = {
			isa = XCBuildConfiguration;
			buildSettings = {
				ALWAYS_SEARCH_USER_PATHS = NO;
				CLANG_ANALYZER_LOCALIZABILITY_NONLOCALIZED = YES;
				CLANG_ANALYZER_NONNULL = YES;
				CLANG_ANALYZER_NUMBER_OBJECT_CONVERSION = YES_AGGRESSIVE;
				CLANG_CXX_LANGUAGE_STANDARD = "gnu++20";
				CLANG_ENABLE_MODULES = YES;
				CLANG_ENABLE_OBJC_ARC = YES;
				CLANG_ENABLE_OBJC_WEAK = YES;
				CLANG_WARN_BLOCK_CAPTURE_AUTORELEASING = YES;
				CLANG_WARN_BOOL_CONVERSION = YES;
				CLANG_WARN_COMMA = YES;
				CLANG_WARN_CONSTANT_CONVERSION = YES;
				CLANG_WARN_DEPRECATED_OBJC_IMPLEMENTATIONS = YES;
				CLANG_WARN_DIRECT_OBJC_ISA_USAGE = YES_ERROR;
				CLANG_WARN_DOCUMENTATION_COMMENTS = YES;
				CLANG_WARN_EMPTY_BODY = YES;
				CLANG_WARN_ENUM_CONVERSION = YES;
				CLANG_WARN_INFINITE_RECURSION = YES;
				CLANG_WARN_INT_CONVERSION = YES;
				CLANG_WARN_NON_LITERAL_NULL_CONVERSION = YES;
				CLANG_WARN_OBJC_IMPLICIT_RETAIN_SELF = YES;
				CLANG_WARN_OBJC_LITERAL_CONVERSION = YES;
				CLANG_WARN_OBJC_ROOT_CLASS = YES_ERROR;
				CLANG_WARN_QUOTED_INCLUDE_IN_FRAMEWORK_HEADER = YES;
				CLANG_WARN_RANGE_LOOP_ANALYSIS = YES;
				CLANG_WARN_STRICT_PROTOTYPES = YES;
				CLANG_WARN_SUSPICIOUS_MOVE = YES;
				CLANG_WARN_UNGUARDED_AVAILABILITY = YES_AGGRESSIVE;
				CLANG_WARN_UNREACHABLE_CODE = YES;
				CLANG_WARN__DUPLICATE_METHOD_MATCH = YES;
				COPY_PHASE_STRIP = NO;
				DEBUG_INFORMATION_FORMAT = "dwarf-with-dsym";
				ENABLE_NS_ASSERTIONS = NO;
				ENABLE_STRICT_OBJC_MSGSEND = YES;
				GCC_C_LANGUAGE_STANDARD = gnu11;
				GCC_NO_COMMON_BLOCKS = YES;
				GCC_WARN_64_TO_32_BIT_CONVERSION = YES;
				GCC_WARN_ABOUT_RETURN_TYPE = YES_ERROR;
				GCC_WARN_UNDECLARED_SELECTOR = YES;
				GCC_WARN_UNINITIALIZED_AUTOS = YES_AGGRESSIVE;
				GCC_WARN_UNUSED_FUNCTION = YES;
				GCC_WARN_UNUSED_VARIABLE = YES;
				IPHONEOS_DEPLOYMENT_TARGET = 13.0;
				MTL_ENABLE_DEBUG_INFO = NO;
				MTL_FAST_MATH = YES;
				SDKROOT = iphoneos;
				SWIFT_COMPILATION_MODE = wholemodule;
				SWIFT_OPTIMIZATION_LEVEL = "-O";
				VALIDATE_PRODUCT = YES;
			};
			name = Release;
		};
		03C0A8AB290AF7B900E9F443 /* Debug */ = {
			isa = XCBuildConfiguration;
			baseConfigurationReference = 6DDEB787C4894AA01C492053 /* Pods-Weather Info.debug.xcconfig */;
			buildSettings = {
				ASSETCATALOG_COMPILER_APPICON_NAME = AppIcon;
				ASSETCATALOG_COMPILER_GLOBAL_ACCENT_COLOR_NAME = AccentColor;
				CODE_SIGN_STYLE = Automatic;
				CURRENT_PROJECT_VERSION = 1;
				DEVELOPMENT_TEAM = WYY56W3FD6;
				GENERATE_INFOPLIST_FILE = YES;
				INFOPLIST_FILE = "Weather Info/Info.plist";
				INFOPLIST_KEY_UIApplicationSupportsIndirectInputEvents = YES;
				INFOPLIST_KEY_UILaunchStoryboardName = LaunchScreen;
				INFOPLIST_KEY_UIMainStoryboardFile = Home;
				INFOPLIST_KEY_UISupportedInterfaceOrientations_iPad = "UIInterfaceOrientationPortrait UIInterfaceOrientationPortraitUpsideDown UIInterfaceOrientationLandscapeLeft UIInterfaceOrientationLandscapeRight";
				INFOPLIST_KEY_UISupportedInterfaceOrientations_iPhone = "UIInterfaceOrientationPortrait UIInterfaceOrientationLandscapeLeft UIInterfaceOrientationLandscapeRight";
				IPHONEOS_DEPLOYMENT_TARGET = 13.0;
				LD_RUNPATH_SEARCH_PATHS = (
					"$(inherited)",
					"@executable_path/Frameworks",
				);
				MARKETING_VERSION = 1.0;
				PRODUCT_BUNDLE_IDENTIFIER = "com.sachin.Weather-Info";
				PRODUCT_NAME = "$(TARGET_NAME)";
				SWIFT_EMIT_LOC_STRINGS = YES;
				SWIFT_VERSION = 5.0;
				TARGETED_DEVICE_FAMILY = "1,2";
			};
			name = Debug;
		};
		03C0A8AC290AF7B900E9F443 /* Release */ = {
			isa = XCBuildConfiguration;
			baseConfigurationReference = B618EBB4D898C4471B8C825B /* Pods-Weather Info.release.xcconfig */;
			buildSettings = {
				ASSETCATALOG_COMPILER_APPICON_NAME = AppIcon;
				ASSETCATALOG_COMPILER_GLOBAL_ACCENT_COLOR_NAME = AccentColor;
				CODE_SIGN_STYLE = Automatic;
				CURRENT_PROJECT_VERSION = 1;
				DEVELOPMENT_TEAM = WYY56W3FD6;
				GENERATE_INFOPLIST_FILE = YES;
				INFOPLIST_FILE = "Weather Info/Info.plist";
				INFOPLIST_KEY_UIApplicationSupportsIndirectInputEvents = YES;
				INFOPLIST_KEY_UILaunchStoryboardName = LaunchScreen;
				INFOPLIST_KEY_UIMainStoryboardFile = Home;
				INFOPLIST_KEY_UISupportedInterfaceOrientations_iPad = "UIInterfaceOrientationPortrait UIInterfaceOrientationPortraitUpsideDown UIInterfaceOrientationLandscapeLeft UIInterfaceOrientationLandscapeRight";
				INFOPLIST_KEY_UISupportedInterfaceOrientations_iPhone = "UIInterfaceOrientationPortrait UIInterfaceOrientationLandscapeLeft UIInterfaceOrientationLandscapeRight";
				IPHONEOS_DEPLOYMENT_TARGET = 13.0;
				LD_RUNPATH_SEARCH_PATHS = (
					"$(inherited)",
					"@executable_path/Frameworks",
				);
				MARKETING_VERSION = 1.0;
				PRODUCT_BUNDLE_IDENTIFIER = "com.sachin.Weather-Info";
				PRODUCT_NAME = "$(TARGET_NAME)";
				SWIFT_EMIT_LOC_STRINGS = YES;
				SWIFT_VERSION = 5.0;
				TARGETED_DEVICE_FAMILY = "1,2";
			};
			name = Release;
		};
		03FE7C4F290EEA5D00273EB5 /* Debug */ = {
			isa = XCBuildConfiguration;
			buildSettings = {
				BUNDLE_LOADER = "$(TEST_HOST)";
				CODE_SIGN_STYLE = Automatic;
				CURRENT_PROJECT_VERSION = 1;
				DEVELOPMENT_TEAM = WYY56W3FD6;
				GENERATE_INFOPLIST_FILE = YES;
				IPHONEOS_DEPLOYMENT_TARGET = 16.0;
				MARKETING_VERSION = 1.0;
				PRODUCT_BUNDLE_IDENTIFIER = "com.sachin.Weather-InfoTests";
				PRODUCT_NAME = "$(TARGET_NAME)";
				SWIFT_EMIT_LOC_STRINGS = NO;
				SWIFT_VERSION = 5.0;
				TARGETED_DEVICE_FAMILY = "1,2";
				TEST_HOST = "$(BUILT_PRODUCTS_DIR)/Weather Info.app/$(BUNDLE_EXECUTABLE_FOLDER_PATH)/Weather Info";
			};
			name = Debug;
		};
		03FE7C50290EEA5D00273EB5 /* Release */ = {
			isa = XCBuildConfiguration;
			buildSettings = {
				BUNDLE_LOADER = "$(TEST_HOST)";
				CODE_SIGN_STYLE = Automatic;
				CURRENT_PROJECT_VERSION = 1;
				DEVELOPMENT_TEAM = WYY56W3FD6;
				GENERATE_INFOPLIST_FILE = YES;
				IPHONEOS_DEPLOYMENT_TARGET = 16.0;
				MARKETING_VERSION = 1.0;
				PRODUCT_BUNDLE_IDENTIFIER = "com.sachin.Weather-InfoTests";
				PRODUCT_NAME = "$(TARGET_NAME)";
				SWIFT_EMIT_LOC_STRINGS = NO;
				SWIFT_VERSION = 5.0;
				TARGETED_DEVICE_FAMILY = "1,2";
				TEST_HOST = "$(BUILT_PRODUCTS_DIR)/Weather Info.app/$(BUNDLE_EXECUTABLE_FOLDER_PATH)/Weather Info";
			};
			name = Release;
		};
/* End XCBuildConfiguration section */

/* Begin XCConfigurationList section */
		03C0A891290AF7B700E9F443 /* Build configuration list for PBXProject "Weather Info" */ = {
			isa = XCConfigurationList;
			buildConfigurations = (
				03C0A8A8290AF7B900E9F443 /* Debug */,
				03C0A8A9290AF7B900E9F443 /* Release */,
			);
			defaultConfigurationIsVisible = 0;
			defaultConfigurationName = Release;
		};
		03C0A8AA290AF7B900E9F443 /* Build configuration list for PBXNativeTarget "Weather Info" */ = {
			isa = XCConfigurationList;
			buildConfigurations = (
				03C0A8AB290AF7B900E9F443 /* Debug */,
				03C0A8AC290AF7B900E9F443 /* Release */,
			);
			defaultConfigurationIsVisible = 0;
			defaultConfigurationName = Release;
		};
		03FE7C51290EEA5D00273EB5 /* Build configuration list for PBXNativeTarget "Weather InfoTests" */ = {
			isa = XCConfigurationList;
			buildConfigurations = (
				03FE7C4F290EEA5D00273EB5 /* Debug */,
				03FE7C50290EEA5D00273EB5 /* Release */,
			);
			defaultConfigurationIsVisible = 0;
			defaultConfigurationName = Release;
		};
/* End XCConfigurationList section */
	};
	rootObject = 03C0A88E290AF7B700E9F443 /* Project object */;
}
